
Microsoft Visual Studio Solution File, Format Version 12.00
# Visual Studio Version 17
VisualStudioVersion = 17.14.36518.9 d17.14
MinimumVisualStudioVersion = 10.0.40219.1
Project("{FAE04EC0-301F-11D3-BF4B-00C04F79EFBC}") = "LabResultProcessor.Core", "LabResultProcessor.Core\LabResultProcessor.Core.csproj", "{A2516356-143B-4291-ACE9-64E63606F36A}"
EndProject
Project("{FAE04EC0-301F-11D3-BF4B-00C04F79EFBC}") = "LabResultProcessor.Function", "LabResultProcessor.Function\src\LabResultProcessor.Function\LabResultProcessor.Function.csproj", "{A94F3153-E68F-4AF0-BEEC-01262DF1F4CE}"
EndProject
Global
	GlobalSection(SolutionConfigurationPlatforms) = preSolution
		Debug|Any CPU = Debug|Any CPU
		Release|Any CPU = Release|Any CPU
	EndGlobalSection
	GlobalSection(ProjectConfigurationPlatforms) = postSolution
		{A2516356-143B-4291-ACE9-64E63606F36A}.Debug|Any CPU.ActiveCfg = Debug|Any CPU
		{A2516356-143B-4291-ACE9-64E63606F36A}.Debug|Any CPU.Build.0 = Debug|Any CPU
		{A2516356-143B-4291-ACE9-64E63606F36A}.Release|Any CPU.ActiveCfg = Release|Any CPU
		{A2516356-143B-4291-ACE9-64E63606F36A}.Release|Any CPU.Build.0 = Release|Any CPU
		{A94F3153-E68F-4AF0-BEEC-01262DF1F4CE}.Debug|Any CPU.ActiveCfg = Debug|Any CPU
		{A94F3153-E68F-4AF0-BEEC-01262DF1F4CE}.Debug|Any CPU.Build.0 = Debug|Any CPU
		{A94F3153-E68F-4AF0-BEEC-01262DF1F4CE}.Release|Any CPU.ActiveCfg = Release|Any CPU
		{A94F3153-E68F-4AF0-BEEC-01262DF1F4CE}.Release|Any CPU.Build.0 = Release|Any CPU
	EndGlobalSection
	GlobalSection(SolutionProperties) = preSolution
		HideSolutionNode = FALSE
	EndGlobalSection
	GlobalSection(ExtensibilityGlobals) = postSolution
		SolutionGuid = {B83BF22E-211F-4862-A10D-481A92BF8875}
	EndGlobalSection
EndGlobal
